
Microsoft Visual Studio Solution File, Format Version 12.00
# Visual Studio Version 17
VisualStudioVersion = 17.2.32630.192
MinimumVisualStudioVersion = 10.0.40219.1
Project("{9A19103F-16F7-4668-BE54-9A1E7A4F7556}") = "ImReady4.Core", "ImReady4.Core\ImReady4.Core.csproj", "{832C3153-8496-4FAD-A8BB-5CC8CA8ECA1C}"
EndProject
Project("{9A19103F-16F7-4668-BE54-9A1E7A4F7556}") = "ImReady4.Tests", "ImReady4.Tests\ImReady4.Tests.csproj", "{DB3F5491-1712-4422-AC27-3664AD1351F2}"
EndProject
Global
	GlobalSection(SolutionConfigurationPlatforms) = preSolution
		Debug|Any CPU = Debug|Any CPU
		Release|Any CPU = Release|Any CPU
	EndGlobalSection
	GlobalSection(ProjectConfigurationPlatforms) = postSolution
		{832C3153-8496-4FAD-A8BB-5CC8CA8ECA1C}.Debug|Any CPU.ActiveCfg = Debug|Any CPU
		{832C3153-8496-4FAD-A8BB-5CC8CA8ECA1C}.Debug|Any CPU.Build.0 = Debug|Any CPU
		{832C3153-8496-4FAD-A8BB-5CC8CA8ECA1C}.Release|Any CPU.ActiveCfg = Release|Any CPU
		{832C3153-8496-4FAD-A8BB-5CC8CA8ECA1C}.Release|Any CPU.Build.0 = Release|Any CPU
		{DB3F5491-1712-4422-AC27-3664AD1351F2}.Debug|Any CPU.ActiveCfg = Debug|Any CPU
		{DB3F5491-1712-4422-AC27-3664AD1351F2}.Debug|Any CPU.Build.0 = Debug|Any CPU
		{DB3F5491-1712-4422-AC27-3664AD1351F2}.Release|Any CPU.ActiveCfg = Release|Any CPU
		{DB3F5491-1712-4422-AC27-3664AD1351F2}.Release|Any CPU.Build.0 = Release|Any CPU
	EndGlobalSection
	GlobalSection(SolutionProperties) = preSolution
		HideSolutionNode = FALSE
	EndGlobalSection
	GlobalSection(ExtensibilityGlobals) = postSolution
		SolutionGuid = {52FDC071-9F8A-4494-B68F-A15D29A78645}
	EndGlobalSection
EndGlobal
